// !$*UTF8*$!
{
	archiveVersion = 1;
	classes = {
	};
	objectVersion = 55;
	objects = {

/* Begin PBXBuildFile section */
		030787DF273BFDEC00982CC7 /* AppIcons in Resources */ = {isa = PBXBuildFile; fileRef = 030787DE273BFDEC00982CC7 /* AppIcons */; };
		0363B70F271E40410066DE0B /* AppDelegate.swift in Sources */ = {isa = PBXBuildFile; fileRef = 0363B70E271E40410066DE0B /* AppDelegate.swift */; };
		0363B711271E40410066DE0B /* SceneDelegate.swift in Sources */ = {isa = PBXBuildFile; fileRef = 0363B710271E40410066DE0B /* SceneDelegate.swift */; };
		0363B713271E40410066DE0B /* ViewController.swift in Sources */ = {isa = PBXBuildFile; fileRef = 0363B712271E40410066DE0B /* ViewController.swift */; };
		0363B716271E40410066DE0B /* Main.storyboard in Resources */ = {isa = PBXBuildFile; fileRef = 0363B714271E40410066DE0B /* Main.storyboard */; };
		0363B718271E40430066DE0B /* Assets.xcassets in Resources */ = {isa = PBXBuildFile; fileRef = 0363B717271E40430066DE0B /* Assets.xcassets */; };
		0363B71B271E40430066DE0B /* LaunchScreen.storyboard in Resources */ = {isa = PBXBuildFile; fileRef = 0363B719271E40430066DE0B /* LaunchScreen.storyboard */; };
		0363B727271EFA6D0066DE0B /* GoogleService-Info.plist in Resources */ = {isa = PBXBuildFile; fileRef = 0363B726271EFA6C0066DE0B /* GoogleService-Info.plist */; };
		0363B729271F021F0066DE0B /* SignUp.swift in Sources */ = {isa = PBXBuildFile; fileRef = 0363B728271F021E0066DE0B /* SignUp.swift */; };
		4769281F271E4DAE00E823B5 /* GameBoard.swift in Sources */ = {isa = PBXBuildFile; fileRef = 4769281E271E4DAE00E823B5 /* GameBoard.swift */; };
		47692821271E4DC200E823B5 /* User.swift in Sources */ = {isa = PBXBuildFile; fileRef = 47692820271E4DC200E823B5 /* User.swift */; };
		CAA2293A7A5A87516D4F25FA /* Pods_5102_Swift_Games.framework in Frameworks */ = {isa = PBXBuildFile; fileRef = 293F02362144663DE2B0F483 /* Pods_5102_Swift_Games.framework */; };
/* End PBXBuildFile section */

/* Begin PBXFileReference section */
		030787DE273BFDEC00982CC7 /* AppIcons */ = {isa = PBXFileReference; lastKnownFileType = folder; path = AppIcons; sourceTree = "<group>"; };
		0363B70B271E40410066DE0B /* 5102 Swift Games.app */ = {isa = PBXFileReference; explicitFileType = wrapper.application; includeInIndex = 0; path = "5102 Swift Games.app"; sourceTree = BUILT_PRODUCTS_DIR; };
		0363B70E271E40410066DE0B /* AppDelegate.swift */ = {isa = PBXFileReference; lastKnownFileType = sourcecode.swift; path = AppDelegate.swift; sourceTree = "<group>"; };
		0363B710271E40410066DE0B /* SceneDelegate.swift */ = {isa = PBXFileReference; lastKnownFileType = sourcecode.swift; path = SceneDelegate.swift; sourceTree = "<group>"; };
		0363B712271E40410066DE0B /* ViewController.swift */ = {isa = PBXFileReference; lastKnownFileType = sourcecode.swift; path = ViewController.swift; sourceTree = "<group>"; };
		0363B715271E40410066DE0B /* Base */ = {isa = PBXFileReference; lastKnownFileType = file.storyboard; name = Base; path = Base.lproj/Main.storyboard; sourceTree = "<group>"; };
		0363B717271E40430066DE0B /* Assets.xcassets */ = {isa = PBXFileReference; lastKnownFileType = folder.assetcatalog; path = Assets.xcassets; sourceTree = "<group>"; };
		0363B71A271E40430066DE0B /* Base */ = {isa = PBXFileReference; lastKnownFileType = file.storyboard; name = Base; path = Base.lproj/LaunchScreen.storyboard; sourceTree = "<group>"; };
		0363B71C271E40430066DE0B /* Info.plist */ = {isa = PBXFileReference; lastKnownFileType = text.plist.xml; path = Info.plist; sourceTree = "<group>"; };
		0363B726271EFA6C0066DE0B /* GoogleService-Info.plist */ = {isa = PBXFileReference; fileEncoding = 4; lastKnownFileType = text.plist.xml; path = "GoogleService-Info.plist"; sourceTree = "<group>"; };
		0363B728271F021E0066DE0B /* SignUp.swift */ = {isa = PBXFileReference; lastKnownFileType = sourcecode.swift; path = SignUp.swift; sourceTree = "<group>"; };
		235406A3A1138A09EDBCA880 /* Pods-5102 Swift Games.debug.xcconfig */ = {isa = PBXFileReference; includeInIndex = 1; lastKnownFileType = text.xcconfig; name = "Pods-5102 Swift Games.debug.xcconfig"; path = "Target Support Files/Pods-5102 Swift Games/Pods-5102 Swift Games.debug.xcconfig"; sourceTree = "<group>"; };
		293F02362144663DE2B0F483 /* Pods_5102_Swift_Games.framework */ = {isa = PBXFileReference; explicitFileType = wrapper.framework; includeInIndex = 0; path = Pods_5102_Swift_Games.framework; sourceTree = BUILT_PRODUCTS_DIR; };
		4769281E271E4DAE00E823B5 /* GameBoard.swift */ = {isa = PBXFileReference; lastKnownFileType = sourcecode.swift; path = GameBoard.swift; sourceTree = "<group>"; };
		47692820271E4DC200E823B5 /* User.swift */ = {isa = PBXFileReference; lastKnownFileType = sourcecode.swift; path = User.swift; sourceTree = "<group>"; };
		F9BBD3D41D5E5EC9EDA728E2 /* Pods-5102 Swift Games.release.xcconfig */ = {isa = PBXFileReference; includeInIndex = 1; lastKnownFileType = text.xcconfig; name = "Pods-5102 Swift Games.release.xcconfig"; path = "Target Support Files/Pods-5102 Swift Games/Pods-5102 Swift Games.release.xcconfig"; sourceTree = "<group>"; };
/* End PBXFileReference section */

/* Begin PBXFrameworksBuildPhase section */
		0363B708271E40410066DE0B /* Frameworks */ = {
			isa = PBXFrameworksBuildPhase;
			buildActionMask = 2147483647;
			files = (
				CAA2293A7A5A87516D4F25FA /* Pods_5102_Swift_Games.framework in Frameworks */,
			);
			runOnlyForDeploymentPostprocessing = 0;
		};
/* End PBXFrameworksBuildPhase section */

/* Begin PBXGroup section */
		0363B702271E40410066DE0B = {
			isa = PBXGroup;
			children = (
				0363B70D271E40410066DE0B /* 5102 Swift Games */,
				0363B70C271E40410066DE0B /* Products */,
				85E7A123128CE2B8FE89B422 /* Pods */,
				547A42F68A40E8DD11C2A5A3 /* Frameworks */,
			);
			sourceTree = "<group>";
		};
		0363B70C271E40410066DE0B /* Products */ = {
			isa = PBXGroup;
			children = (
				0363B70B271E40410066DE0B /* 5102 Swift Games.app */,
			);
			name = Products;
			sourceTree = "<group>";
		};
		0363B70D271E40410066DE0B /* 5102 Swift Games */ = {
			isa = PBXGroup;
			children = (
				0363B70E271E40410066DE0B /* AppDelegate.swift */,
				0363B710271E40410066DE0B /* SceneDelegate.swift */,
				0363B712271E40410066DE0B /* ViewController.swift */,
				4769281E271E4DAE00E823B5 /* GameBoard.swift */,
				47692820271E4DC200E823B5 /* User.swift */,
				0363B714271E40410066DE0B /* Main.storyboard */,
				0363B717271E40430066DE0B /* Assets.xcassets */,
				030787DE273BFDEC00982CC7 /* AppIcons */,
				0363B719271E40430066DE0B /* LaunchScreen.storyboard */,
				0363B71C271E40430066DE0B /* Info.plist */,
				0363B726271EFA6C0066DE0B /* GoogleService-Info.plist */,
				0363B728271F021E0066DE0B /* SignUp.swift */,
			);
			path = "5102 Swift Games";
			sourceTree = "<group>";
		};
		547A42F68A40E8DD11C2A5A3 /* Frameworks */ = {
			isa = PBXGroup;
			children = (
				293F02362144663DE2B0F483 /* Pods_5102_Swift_Games.framework */,
			);
			name = Frameworks;
			sourceTree = "<group>";
		};
		85E7A123128CE2B8FE89B422 /* Pods */ = {
			isa = PBXGroup;
			children = (
				235406A3A1138A09EDBCA880 /* Pods-5102 Swift Games.debug.xcconfig */,
				F9BBD3D41D5E5EC9EDA728E2 /* Pods-5102 Swift Games.release.xcconfig */,
			);
			path = Pods;
			sourceTree = "<group>";
		};
/* End PBXGroup section */

/* Begin PBXNativeTarget section */
		0363B70A271E40410066DE0B /* 5102 Swift Games */ = {
			isa = PBXNativeTarget;
			buildConfigurationList = 0363B71F271E40430066DE0B /* Build configuration list for PBXNativeTarget "5102 Swift Games" */;
			buildPhases = (
				373C5E70439FD3EFDF70BA57 /* [CP] Check Pods Manifest.lock */,
				0363B707271E40410066DE0B /* Sources */,
				0363B708271E40410066DE0B /* Frameworks */,
				0363B709271E40410066DE0B /* Resources */,
				3CF00289E7C6798D9CBB20D6 /* [CP] Embed Pods Frameworks */,
			);
			buildRules = (
			);
			dependencies = (
			);
			name = "5102 Swift Games";
			productName = "5102 Swift Games";
			productReference = 0363B70B271E40410066DE0B /* 5102 Swift Games.app */;
			productType = "com.apple.product-type.application";
		};
/* End PBXNativeTarget section */

/* Begin PBXProject section */
		0363B703271E40410066DE0B /* Project object */ = {
			isa = PBXProject;
			attributes = {
				BuildIndependentTargetsInParallel = 1;
				LastSwiftUpdateCheck = 1300;
				LastUpgradeCheck = 1300;
				TargetAttributes = {
					0363B70A271E40410066DE0B = {
						CreatedOnToolsVersion = 13.0;
					};
				};
			};
			buildConfigurationList = 0363B706271E40410066DE0B /* Build configuration list for PBXProject "5102 Swift Games" */;
			compatibilityVersion = "Xcode 13.0";
			developmentRegion = en;
			hasScannedForEncodings = 0;
			knownRegions = (
				en,
				Base,
			);
			mainGroup = 0363B702271E40410066DE0B;
			productRefGroup = 0363B70C271E40410066DE0B /* Products */;
			projectDirPath = "";
			projectRoot = "";
			targets = (
				0363B70A271E40410066DE0B /* 5102 Swift Games */,
			);
		};
/* End PBXProject section */

/* Begin PBXResourcesBuildPhase section */
		0363B709271E40410066DE0B /* Resources */ = {
			isa = PBXResourcesBuildPhase;
			buildActionMask = 2147483647;
			files = (
				0363B71B271E40430066DE0B /* LaunchScreen.storyboard in Resources */,
				030787DF273BFDEC00982CC7 /* AppIcons in Resources */,
				0363B727271EFA6D0066DE0B /* GoogleService-Info.plist in Resources */,
				0363B718271E40430066DE0B /* Assets.xcassets in Resources */,
				0363B716271E40410066DE0B /* Main.storyboard in Resources */,
			);
			runOnlyForDeploymentPostprocessing = 0;
		};
/* End PBXResourcesBuildPhase section */

/* Begin PBXShellScriptBuildPhase section */
		373C5E70439FD3EFDF70BA57 /* [CP] Check Pods Manifest.lock */ = {
			isa = PBXShellScriptBuildPhase;
			buildActionMask = 2147483647;
			files = (
			);
			inputFileListPaths = (
			);
			inputPaths = (
				"${PODS_PODFILE_DIR_PATH}/Podfile.lock",
				"${PODS_ROOT}/Manifest.lock",
			);
			name = "[CP] Check Pods Manifest.lock";
			outputFileListPaths = (
			);
			outputPaths = (
				"$(DERIVED_FILE_DIR)/Pods-5102 Swift Games-checkManifestLockResult.txt",
			);
			runOnlyForDeploymentPostprocessing = 0;
			shellPath = /bin/sh;
			shellScript = "diff \"${PODS_PODFILE_DIR_PATH}/Podfile.lock\" \"${PODS_ROOT}/Manifest.lock\" > /dev/null\nif [ $? != 0 ] ; then\n    # print error to STDERR\n    echo \"error: The sandbox is not in sync with the Podfile.lock. Run 'pod install' or update your CocoaPods installation.\" >&2\n    exit 1\nfi\n# This output is used by Xcode 'outputs' to avoid re-running this script phase.\necho \"SUCCESS\" > \"${SCRIPT_OUTPUT_FILE_0}\"\n";
			showEnvVarsInLog = 0;
		};
		3CF00289E7C6798D9CBB20D6 /* [CP] Embed Pods Frameworks */ = {
			isa = PBXShellScriptBuildPhase;
			buildActionMask = 2147483647;
			files = (
			);
			inputFileListPaths = (
				"${PODS_ROOT}/Target Support Files/Pods-5102 Swift Games/Pods-5102 Swift Games-frameworks-${CONFIGURATION}-input-files.xcfilelist",
			);
			name = "[CP] Embed Pods Frameworks";
			outputFileListPaths = (
				"${PODS_ROOT}/Target Support Files/Pods-5102 Swift Games/Pods-5102 Swift Games-frameworks-${CONFIGURATION}-output-files.xcfilelist",
			);
			runOnlyForDeploymentPostprocessing = 0;
			shellPath = /bin/sh;
			shellScript = "\"${PODS_ROOT}/Target Support Files/Pods-5102 Swift Games/Pods-5102 Swift Games-frameworks.sh\"\n";
			showEnvVarsInLog = 0;
		};
/* End PBXShellScriptBuildPhase section */

/* Begin PBXSourcesBuildPhase section */
		0363B707271E40410066DE0B /* Sources */ = {
			isa = PBXSourcesBuildPhase;
			buildActionMask = 2147483647;
			files = (
				4769281F271E4DAE00E823B5 /* GameBoard.swift in Sources */,
				0363B729271F021F0066DE0B /* SignUp.swift in Sources */,
				0363B713271E40410066DE0B /* ViewController.swift in Sources */,
				0363B70F271E40410066DE0B /* AppDelegate.swift in Sources */,
				47692821271E4DC200E823B5 /* User.swift in Sources */,
				0363B711271E40410066DE0B /* SceneDelegate.swift in Sources */,
			);
			runOnlyForDeploymentPostprocessing = 0;
		};
/* End PBXSourcesBuildPhase section */

/* Begin PBXVariantGroup section */
		0363B714271E40410066DE0B /* Main.storyboard */ = {
			isa = PBXVariantGroup;
			children = (
				0363B715271E40410066DE0B /* Base */,
			);
			name = Main.storyboard;
			sourceTree = "<group>";
		};
		0363B719271E40430066DE0B /* LaunchScreen.storyboard */ = {
			isa = PBXVariantGroup;
			children = (
				0363B71A271E40430066DE0B /* Base */,
			);
			name = LaunchScreen.storyboard;
			sourceTree = "<group>";
		};
/* End PBXVariantGroup section */

/* Begin XCBuildConfiguration section */
		0363B71D271E40430066DE0B /* Debug */ = {
			isa = XCBuildConfiguration;
			buildSettings = {
				ALWAYS_SEARCH_USER_PATHS = NO;
				CLANG_ANALYZER_NONNULL = YES;
				CLANG_ANALYZER_NUMBER_OBJECT_CONVERSION = YES_AGGRESSIVE;
				CLANG_CXX_LANGUAGE_STANDARD = "gnu++17";
				CLANG_CXX_LIBRARY = "libc++";
				CLANG_ENABLE_MODULES = YES;
				CLANG_ENABLE_OBJC_ARC = YES;
				CLANG_ENABLE_OBJC_WEAK = YES;
				CLANG_WARN_BLOCK_CAPTURE_AUTORELEASING = YES;
				CLANG_WARN_BOOL_CONVERSION = YES;
				CLANG_WARN_COMMA = YES;
				CLANG_WARN_CONSTANT_CONVERSION = YES;
				CLANG_WARN_DEPRECATED_OBJC_IMPLEMENTATIONS = YES;
				CLANG_WARN_DIRECT_OBJC_ISA_USAGE = YES_ERROR;
				CLANG_WARN_DOCUMENTATION_COMMENTS = YES;
				CLANG_WARN_EMPTY_BODY = YES;
				CLANG_WARN_ENUM_CONVERSION = YES;
				CLANG_WARN_INFINITE_RECURSION = YES;
				CLANG_WARN_INT_CONVERSION = YES;
				CLANG_WARN_NON_LITERAL_NULL_CONVERSION = YES;
				CLANG_WARN_OBJC_IMPLICIT_RETAIN_SELF = YES;
				CLANG_WARN_OBJC_LITERAL_CONVERSION = YES;
				CLANG_WARN_OBJC_ROOT_CLASS = YES_ERROR;
				CLANG_WARN_QUOTED_INCLUDE_IN_FRAMEWORK_HEADER = YES;
				CLANG_WARN_RANGE_LOOP_ANALYSIS = YES;
				CLANG_WARN_STRICT_PROTOTYPES = YES;
				CLANG_WARN_SUSPICIOUS_MOVE = YES;
				CLANG_WARN_UNGUARDED_AVAILABILITY = YES_AGGRESSIVE;
				CLANG_WARN_UNREACHABLE_CODE = YES;
				CLANG_WARN__DUPLICATE_METHOD_MATCH = YES;
				COPY_PHASE_STRIP = NO;
				DEBUG_INFORMATION_FORMAT = dwarf;
				ENABLE_STRICT_OBJC_MSGSEND = YES;
				ENABLE_TESTABILITY = YES;
				GCC_C_LANGUAGE_STANDARD = gnu11;
				GCC_DYNAMIC_NO_PIC = NO;
				GCC_NO_COMMON_BLOCKS = YES;
				GCC_OPTIMIZATION_LEVEL = 0;
				GCC_PREPROCESSOR_DEFINITIONS = (
					"DEBUG=1",
					"$(inherited)",
				);
				GCC_WARN_64_TO_32_BIT_CONVERSION = YES;
				GCC_WARN_ABOUT_RETURN_TYPE = YES_ERROR;
				GCC_WARN_UNDECLARED_SELECTOR = YES;
				GCC_WARN_UNINITIALIZED_AUTOS = YES_AGGRESSIVE;
				GCC_WARN_UNUSED_FUNCTION = YES;
				GCC_WARN_UNUSED_VARIABLE = YES;
				IPHONEOS_DEPLOYMENT_TARGET = 15.0;
				MTL_ENABLE_DEBUG_INFO = INCLUDE_SOURCE;
				MTL_FAST_MATH = YES;
				ONLY_ACTIVE_ARCH = YES;
				SDKROOT = iphoneos;
				SWIFT_ACTIVE_COMPILATION_CONDITIONS = DEBUG;
				SWIFT_OPTIMIZATION_LEVEL = "-Onone";
			};
			name = Debug;
		};
		0363B71E271E40430066DE0B /* Release */ = {
			isa = XCBuildConfiguration;
			buildSettings = {
				ALWAYS_SEARCH_USER_PATHS = NO;
				CLANG_ANALYZER_NONNULL = YES;
				CLANG_ANALYZER_NUMBER_OBJECT_CONVERSION = YES_AGGRESSIVE;
				CLANG_CXX_LANGUAGE_STANDARD = "gnu++17";
				CLANG_CXX_LIBRARY = "libc++";
				CLANG_ENABLE_MODULES = YES;
				CLANG_ENABLE_OBJC_ARC = YES;
				CLANG_ENABLE_OBJC_WEAK = YES;
				CLANG_WARN_BLOCK_CAPTURE_AUTORELEASING = YES;
				CLANG_WARN_BOOL_CONVERSION = YES;
				CLANG_WARN_COMMA = YES;
				CLANG_WARN_CONSTANT_CONVERSION = YES;
				CLANG_WARN_DEPRECATED_OBJC_IMPLEMENTATIONS = YES;
				CLANG_WARN_DIRECT_OBJC_ISA_USAGE = YES_ERROR;
				CLANG_WARN_DOCUMENTATION_COMMENTS = YES;
				CLANG_WARN_EMPTY_BODY = YES;
				CLANG_WARN_ENUM_CONVERSION = YES;
				CLANG_WARN_INFINITE_RECURSION = YES;
				CLANG_WARN_INT_CONVERSION = YES;
				CLANG_WARN_NON_LITERAL_NULL_CONVERSION = YES;
				CLANG_WARN_OBJC_IMPLICIT_RETAIN_SELF = YES;
				CLANG_WARN_OBJC_LITERAL_CONVERSION = YES;
				CLANG_WARN_OBJC_ROOT_CLASS = YES_ERROR;
				CLANG_WARN_QUOTED_INCLUDE_IN_FRAMEWORK_HEADER = YES;
				CLANG_WARN_RANGE_LOOP_ANALYSIS = YES;
				CLANG_WARN_STRICT_PROTOTYPES = YES;
				CLANG_WARN_SUSPICIOUS_MOVE = YES;
				CLANG_WARN_UNGUARDED_AVAILABILITY = YES_AGGRESSIVE;
				CLANG_WARN_UNREACHABLE_CODE = YES;
				CLANG_WARN__DUPLICATE_METHOD_MATCH = YES;
				COPY_PHASE_STRIP = NO;
				DEBUG_INFORMATION_FORMAT = "dwarf-with-dsym";
				ENABLE_NS_ASSERTIONS = NO;
				ENABLE_STRICT_OBJC_MSGSEND = YES;
				GCC_C_LANGUAGE_STANDARD = gnu11;
				GCC_NO_COMMON_BLOCKS = YES;
				GCC_WARN_64_TO_32_BIT_CONVERSION = YES;
				GCC_WARN_ABOUT_RETURN_TYPE = YES_ERROR;
				GCC_WARN_UNDECLARED_SELECTOR = YES;
				GCC_WARN_UNINITIALIZED_AUTOS = YES_AGGRESSIVE;
				GCC_WARN_UNUSED_FUNCTION = YES;
				GCC_WARN_UNUSED_VARIABLE = YES;
				IPHONEOS_DEPLOYMENT_TARGET = 15.0;
				MTL_ENABLE_DEBUG_INFO = NO;
				MTL_FAST_MATH = YES;
				SDKROOT = iphoneos;
				SWIFT_COMPILATION_MODE = wholemodule;
				SWIFT_OPTIMIZATION_LEVEL = "-O";
				VALIDATE_PRODUCT = YES;
			};
			name = Release;
		};
		0363B720271E40430066DE0B /* Debug */ = {
			isa = XCBuildConfiguration;
			baseConfigurationReference = 235406A3A1138A09EDBCA880 /* Pods-5102 Swift Games.debug.xcconfig */;
			buildSettings = {
				ASSETCATALOG_COMPILER_APPICON_NAME = AppIcon;
				ASSETCATALOG_COMPILER_GLOBAL_ACCENT_COLOR_NAME = AccentColor;
				CODE_SIGN_STYLE = Automatic;
				CURRENT_PROJECT_VERSION = 1;
				DEVELOPMENT_TEAM = JLM38Q7B48;
				GENERATE_INFOPLIST_FILE = YES;
				INFOPLIST_FILE = "5102 Swift Games/Info.plist";
				INFOPLIST_KEY_UIApplicationSupportsIndirectInputEvents = YES;
				INFOPLIST_KEY_UILaunchStoryboardName = LaunchScreen;
				INFOPLIST_KEY_UIMainStoryboardFile = Main;
				INFOPLIST_KEY_UISupportedInterfaceOrientations_iPad = "UIInterfaceOrientationPortrait UIInterfaceOrientationPortraitUpsideDown UIInterfaceOrientationLandscapeLeft UIInterfaceOrientationLandscapeRight";
				INFOPLIST_KEY_UISupportedInterfaceOrientations_iPhone = "UIInterfaceOrientationPortrait UIInterfaceOrientationLandscapeLeft UIInterfaceOrientationLandscapeRight";
				IPHONEOS_DEPLOYMENT_TARGET = 15.0;
				LD_RUNPATH_SEARCH_PATHS = (
					"$(inherited)",
					"@executable_path/Frameworks",
				);
				MARKETING_VERSION = 1.0;
				PRODUCT_BUNDLE_IDENTIFIER = "UNCC-5102.-102-Swift-Games";
				PRODUCT_NAME = "$(TARGET_NAME)";
				SWIFT_EMIT_LOC_STRINGS = YES;
				SWIFT_VERSION = 5.0;
				TARGETED_DEVICE_FAMILY = "1,2";
			};
			name = Debug;
		};
		0363B721271E40430066DE0B /* Release */ = {
			isa = XCBuildConfiguration;
			baseConfigurationReference = F9BBD3D41D5E5EC9EDA728E2 /* Pods-5102 Swift Games.release.xcconfig */;
			buildSettings = {
				ASSETCATALOG_COMPILER_APPICON_NAME = AppIcon;
				ASSETCATALOG_COMPILER_GLOBAL_ACCENT_COLOR_NAME = AccentColor;
				CODE_SIGN_STYLE = Automatic;
				CURRENT_PROJECT_VERSION = 1;
				DEVELOPMENT_TEAM = JLM38Q7B48;
				GENERATE_INFOPLIST_FILE = YES;
				INFOPLIST_FILE = "5102 Swift Games/Info.plist";
				INFOPLIST_KEY_UIApplicationSupportsIndirectInputEvents = YES;
				INFOPLIST_KEY_UILaunchStoryboardName = LaunchScreen;
				INFOPLIST_KEY_UIMainStoryboardFile = Main;
				INFOPLIST_KEY_UISupportedInterfaceOrientations_iPad = "UIInterfaceOrientationPortrait UIInterfaceOrientationPortraitUpsideDown UIInterfaceOrientationLandscapeLeft UIInterfaceOrientationLandscapeRight";
				INFOPLIST_KEY_UISupportedInterfaceOrientations_iPhone = "UIInterfaceOrientationPortrait UIInterfaceOrientationLandscapeLeft UIInterfaceOrientationLandscapeRight";
				IPHONEOS_DEPLOYMENT_TARGET = 15.0;
				LD_RUNPATH_SEARCH_PATHS = (
					"$(inherited)",
					"@executable_path/Frameworks",
				);
				MARKETING_VERSION = 1.0;
				PRODUCT_BUNDLE_IDENTIFIER = "UNCC-5102.-102-Swift-Games";
				PRODUCT_NAME = "$(TARGET_NAME)";
				SWIFT_EMIT_LOC_STRINGS = YES;
				SWIFT_VERSION = 5.0;
				TARGETED_DEVICE_FAMILY = "1,2";
			};
			name = Release;
		};
/* End XCBuildConfiguration section */

/* Begin XCConfigurationList section */
		0363B706271E40410066DE0B /* Build configuration list for PBXProject "5102 Swift Games" */ = {
			isa = XCConfigurationList;
			buildConfigurations = (
				0363B71D271E40430066DE0B /* Debug */,
				0363B71E271E40430066DE0B /* Release */,
			);
			defaultConfigurationIsVisible = 0;
			defaultConfigurationName = Release;
		};
		0363B71F271E40430066DE0B /* Build configuration list for PBXNativeTarget "5102 Swift Games" */ = {
			isa = XCConfigurationList;
			buildConfigurations = (
				0363B720271E40430066DE0B /* Debug */,
				0363B721271E40430066DE0B /* Release */,
			);
			defaultConfigurationIsVisible = 0;
			defaultConfigurationName = Release;
		};
/* End XCConfigurationList section */
	};
	rootObject = 0363B703271E40410066DE0B /* Project object */;
}
